
Microsoft Visual Studio Solution File, Format Version 12.00
# Visual Studio Version 17
VisualStudioVersion = 17.7.34018.315
MinimumVisualStudioVersion = 10.0.40219.1
Project("{FAE04EC0-301F-11D3-BF4B-00C04F79EFBC}") = "uppgift-oop4", "uppgift-oop4\uppgift-oop4.csproj", "{E4534326-DD90-42D2-97CD-696D6DE16A12}"
EndProject
Global
	GlobalSection(SolutionConfigurationPlatforms) = preSolution
		Debug|Any CPU = Debug|Any CPU
		Release|Any CPU = Release|Any CPU
	EndGlobalSection
	GlobalSection(ProjectConfigurationPlatforms) = postSolution
		{E4534326-DD90-42D2-97CD-696D6DE16A12}.Debug|Any CPU.ActiveCfg = Debug|Any CPU
		{E4534326-DD90-42D2-97CD-696D6DE16A12}.Debug|Any CPU.Build.0 = Debug|Any CPU
		{E4534326-DD90-42D2-97CD-696D6DE16A12}.Release|Any CPU.ActiveCfg = Release|Any CPU
		{E4534326-DD90-42D2-97CD-696D6DE16A12}.Release|Any CPU.Build.0 = Release|Any CPU
	EndGlobalSection
	GlobalSection(SolutionProperties) = preSolution
		HideSolutionNode = FALSE
	EndGlobalSection
	GlobalSection(ExtensibilityGlobals) = postSolution
		SolutionGuid = {D98AF404-2B56-474C-B035-4E660E507A4F}
	EndGlobalSection
EndGlobal
